// !$*UTF8*$!
{
	archiveVersion = 1;
	classes = {
	};
	objectVersion = 73;
	objects = {

/* Begin PBXBuildFile section */
		58BA78D52577F9C6006FAEA0 /* libwg-go.a in Frameworks */ = {isa = PBXBuildFile; fileRef = 58DB6CD52577F95D00FB6B73 /* libwg-go.a */; };
		58DB6CD62577F95D00FB6B73 /* libwg-go.a in Frameworks */ = {isa = PBXBuildFile; fileRef = 58DB6CD52577F95D00FB6B73 /* libwg-go.a */; };
		5CBE70062E4CF18B0050638D /* libresolv.tbd in Frameworks */ = {isa = PBXBuildFile; fileRef = 5CBE70042E4CF16F0050638D /* libresolv.tbd */; };
		5CBE70072E4CF18B0050638D /* libresolv.tbd in Frameworks */ = {isa = PBXBuildFile; fileRef = 5CBE70042E4CF16F0050638D /* libresolv.tbd */; };
		6B5CA6B1220DE4E900F126CF /* NetworkExtension.framework in Frameworks */ = {isa = PBXBuildFile; fileRef = 6FF4AC462120B9E0002C96EB /* NetworkExtension.framework */; };
		6B5CA6B2220DE4F400F126CF /* NetworkExtension.framework in Frameworks */ = {isa = PBXBuildFile; fileRef = 6FB1BDB621D4F8B800A991BF /* NetworkExtension.framework */; };
		6B653B86220DE2960050E69C /* NetworkExtension.framework in Frameworks */ = {isa = PBXBuildFile; fileRef = 6FF4AC462120B9E0002C96EB /* NetworkExtension.framework */; };
		6F5D0C22218352EF000F85AD /* WireGuardNetworkExtension.appex in Embed App Extensions */ = {isa = PBXBuildFile; fileRef = 6F5D0C1A218352EF000F85AD /* WireGuardNetworkExtension.appex */; settings = {ATTRIBUTES = (RemoveHeadersOnCopy, ); }; };
		6F70E23D22109E15008BDFB4 /* WireGuardLoginItemHelper.app in Embed Login Item Helper */ = {isa = PBXBuildFile; fileRef = 6F70E22922106A2D008BDFB4 /* WireGuardLoginItemHelper.app */; settings = {ATTRIBUTES = (RemoveHeadersOnCopy, ); }; };
		6FB1BD9921D4BFE700A991BF /* WireGuardNetworkExtension.appex in Embed App Extensions */ = {isa = PBXBuildFile; fileRef = 6FB1BD9121D4BFE600A991BF /* WireGuardNetworkExtension.appex */; settings = {ATTRIBUTES = (RemoveHeadersOnCopy, ); }; };
		6FB1BDDA21D5170800A991BF /* NetworkExtension.framework in Frameworks */ = {isa = PBXBuildFile; fileRef = 6FB1BDB621D4F8B800A991BF /* NetworkExtension.framework */; };
/* End PBXBuildFile section */

/* Begin PBXContainerItemProxy section */
		6F5D0C20218352EF000F85AD /* PBXContainerItemProxy */ = {
			isa = PBXContainerItemProxy;
			containerPortal = 6FF4AC0C211EC46F002C96EB /* Project object */;
			proxyType = 1;
			remoteGlobalIDString = 6F5D0C19218352EF000F85AD;
			remoteInfo = WireGuardNetworkExtension;
		};
		6F70E23A22109DD3008BDFB4 /* PBXContainerItemProxy */ = {
			isa = PBXContainerItemProxy;
			containerPortal = 6FF4AC0C211EC46F002C96EB /* Project object */;
			proxyType = 1;
			remoteGlobalIDString = 6F70E22822106A2D008BDFB4;
			remoteInfo = WireGuardmacOSLoginItemHelper;
		};
		6FB1BD9721D4BFE700A991BF /* PBXContainerItemProxy */ = {
			isa = PBXContainerItemProxy;
			containerPortal = 6FF4AC0C211EC46F002C96EB /* Project object */;
			proxyType = 1;
			remoteGlobalIDString = 6FB1BD9021D4BFE600A991BF;
			remoteInfo = WireGuardNetworkExtensionmacOS;
		};
		6FB1BD9E21D4DF7A00A991BF /* PBXContainerItemProxy */ = {
			isa = PBXContainerItemProxy;
			containerPortal = 6FF4AC0C211EC46F002C96EB /* Project object */;
			proxyType = 1;
			remoteGlobalIDString = 6FDAA03421CE69D000FA6925;
			remoteInfo = WireGuardGoBridgemacOS;
		};
		6FDEF7E121846C0000D8FBF6 /* PBXContainerItemProxy */ = {
			isa = PBXContainerItemProxy;
			containerPortal = 6FF4AC0C211EC46F002C96EB /* Project object */;
			proxyType = 1;
			remoteGlobalIDString = 6FDEF7DD21846BC100D8FBF6;
			remoteInfo = WireGuardGoBridge;
		};
/* End PBXContainerItemProxy section */

/* Begin PBXCopyFilesBuildPhase section */
		6F5D0C26218352EF000F85AD /* Embed App Extensions */ = {
			isa = PBXCopyFilesBuildPhase;
			buildActionMask = 2147483647;
			dstPath = "";
			dstSubfolderSpec = 13;
			files = (
				6F5D0C22218352EF000F85AD /* WireGuardNetworkExtension.appex in Embed App Extensions */,
			);
			name = "Embed App Extensions";
			runOnlyForDeploymentPostprocessing = 0;
		};
		6F70E23C22109DE5008BDFB4 /* Embed Login Item Helper */ = {
			isa = PBXCopyFilesBuildPhase;
			buildActionMask = 2147483647;
			dstPath = Contents/Library/LoginItems;
			dstSubfolderSpec = 1;
			files = (
				6F70E23D22109E15008BDFB4 /* WireGuardLoginItemHelper.app in Embed Login Item Helper */,
			);
			name = "Embed Login Item Helper";
			runOnlyForDeploymentPostprocessing = 0;
		};
		6FB1BD9D21D4BFE700A991BF /* Embed App Extensions */ = {
			isa = PBXCopyFilesBuildPhase;
			buildActionMask = 2147483647;
			dstPath = "";
			dstSubfolderSpec = 13;
			files = (
				6FB1BD9921D4BFE700A991BF /* WireGuardNetworkExtension.appex in Embed App Extensions */,
			);
			name = "Embed App Extensions";
			runOnlyForDeploymentPostprocessing = 0;
		};
/* End PBXCopyFilesBuildPhase section */

/* Begin PBXFileReference section */
		58DB6CD52577F95D00FB6B73 /* libwg-go.a */ = {isa = PBXFileReference; lastKnownFileType = archive.ar; name = "libwg-go.a"; path = "../../../../../../../../Development/git/amneziawg-apple/Sources/WireGuardKitGo/out/libwg-go.a"; sourceTree = BUILT_PRODUCTS_DIR; };
		5CBE70042E4CF16F0050638D /* libresolv.tbd */ = {isa = PBXFileReference; lastKnownFileType = "sourcecode.text-based-dylib-definition"; name = libresolv.tbd; path = usr/lib/libresolv.tbd; sourceTree = SDKROOT; };
		6F5D0C1A218352EF000F85AD /* WireGuardNetworkExtension.appex */ = {isa = PBXFileReference; explicitFileType = "wrapper.app-extension"; includeInIndex = 0; path = WireGuardNetworkExtension.appex; sourceTree = BUILT_PRODUCTS_DIR; };
		6F70E22922106A2D008BDFB4 /* WireGuardLoginItemHelper.app */ = {isa = PBXFileReference; explicitFileType = wrapper.application; includeInIndex = 0; path = WireGuardLoginItemHelper.app; sourceTree = BUILT_PRODUCTS_DIR; };
		6FB1BD5D21D2607A00A991BF /* AmneziaWG.app */ = {isa = PBXFileReference; explicitFileType = wrapper.application; includeInIndex = 0; path = AmneziaWG.app; sourceTree = BUILT_PRODUCTS_DIR; };
		6FB1BD9121D4BFE600A991BF /* WireGuardNetworkExtension.appex */ = {isa = PBXFileReference; explicitFileType = "wrapper.app-extension"; includeInIndex = 0; path = WireGuardNetworkExtension.appex; sourceTree = BUILT_PRODUCTS_DIR; };
		6FB1BDB621D4F8B800A991BF /* NetworkExtension.framework */ = {isa = PBXFileReference; lastKnownFileType = wrapper.framework; name = NetworkExtension.framework; path = Platforms/MacOSX.platform/Developer/SDKs/MacOSX.sdk/System/Library/Frameworks/NetworkExtension.framework; sourceTree = DEVELOPER_DIR; };
		6FF4AC14211EC46F002C96EB /* AmneziaWG.app */ = {isa = PBXFileReference; explicitFileType = wrapper.application; includeInIndex = 0; path = AmneziaWG.app; sourceTree = BUILT_PRODUCTS_DIR; };
		6FF4AC462120B9E0002C96EB /* NetworkExtension.framework */ = {isa = PBXFileReference; lastKnownFileType = wrapper.framework; name = NetworkExtension.framework; path = System/Library/Frameworks/NetworkExtension.framework; sourceTree = SDKROOT; };
/* End PBXFileReference section */

/* Begin PBXFileSystemSynchronizedBuildFileExceptionSet section */
		0A1D204F301905B400A51D75 /* PBXFileSystemSynchronizedBuildFileExceptionSet */ = {
			isa = PBXFileSystemSynchronizedBuildFileExceptionSet;
			membershipExceptions = (
				Logging/test_ringlogger.c,
			);
			target = 6FF4AC13211EC46F002C96EB /* WireGuardiOS */;
		};
		0A1D2050301905B400A51D75 /* PBXFileSystemSynchronizedBuildFileExceptionSet */ = {
			isa = PBXFileSystemSynchronizedBuildFileExceptionSet;
			membershipExceptions = (
				Logging/test_ringlogger.c,
				NotificationToken.swift,
			);
			target = 6F5D0C19218352EF000F85AD /* WireGuardNetworkExtensioniOS */;
		};
		0A1D2051301905B400A51D75 /* PBXFileSystemSynchronizedBuildFileExceptionSet */ = {
			isa = PBXFileSystemSynchronizedBuildFileExceptionSet;
			membershipExceptions = (
				Logging/test_ringlogger.c,
			);
			target = 6FB1BD5C21D2607A00A991BF /* WireGuardmacOS */;
		};
		0A1D2053301905B400A51D75 /* PBXFileSystemSynchronizedBuildFileExceptionSet */ = {
			isa = PBXFileSystemSynchronizedBuildFileExceptionSet;
			membershipExceptions = (
				Logging/test_ringlogger.c,
				NotificationToken.swift,
			);
			target = 6FB1BD9021D4BFE600A991BF /* WireGuardNetworkExtensionmacOS */;
		};
		0A1D20A63019061400A51D75 /* PBXFileSystemSynchronizedBuildFileExceptionSet */ = {
			isa = PBXFileSystemSynchronizedBuildFileExceptionSet;
			membershipExceptions = (
				"Array+ConcurrentMap.swift",
				DNSResolver.swift,
				"IPAddress+AddrInfo.swift",
				PacketTunnelSettingsGenerator.swift,
				WireGuardAdapter.swift,
			);
			target = 6FF4AC13211EC46F002C96EB /* WireGuardiOS */;
		};
		0A1D20A73019061400A51D75 /* PBXFileSystemSynchronizedBuildFileExceptionSet */ = {
			isa = PBXFileSystemSynchronizedBuildFileExceptionSet;
			membershipExceptions = (
				"Array+ConcurrentMap.swift",
				DNSResolver.swift,
				"IPAddress+AddrInfo.swift",
				PacketTunnelSettingsGenerator.swift,
				WireGuardAdapter.swift,
			);
			target = 6FB1BD5C21D2607A00A991BF /* WireGuardmacOS */;
		};
		0A1D20A83019061400A51D75 /* PBXFileSystemSynchronizedBuildFileExceptionSet */ = {
			isa = PBXFileSystemSynchronizedBuildFileExceptionSet;
			membershipExceptions = (
				key.c,
				x25519.c,
			);
			target = 6FF4AC13211EC46F002C96EB /* WireGuardiOS */;
		};
		0A1D20A93019061400A51D75 /* PBXFileSystemSynchronizedBuildFileExceptionSet */ = {
			isa = PBXFileSystemSynchronizedBuildFileExceptionSet;
			membershipExceptions = (
				key.c,
				x25519.c,
			);
			target = 6F5D0C19218352EF000F85AD /* WireGuardNetworkExtensioniOS */;
		};
		0A1D20AA3019061400A51D75 /* PBXFileSystemSynchronizedBuildFileExceptionSet */ = {
			isa = PBXFileSystemSynchronizedBuildFileExceptionSet;
			membershipExceptions = (
				key.c,
				x25519.c,
			);
			target = 6FB1BD5C21D2607A00A991BF /* WireGuardmacOS */;
		};
		0A1D20AB3019061400A51D75 /* PBXFileSystemSynchronizedBuildFileExceptionSet */ = {
			isa = PBXFileSystemSynchronizedBuildFileExceptionSet;
			membershipExceptions = (
				key.c,
				x25519.c,
			);
			target = 6FB1BD9021D4BFE600A991BF /* WireGuardNetworkExtensionmacOS */;
		};
		0A1D20B93019062100A51D75 /* PBXFileSystemSynchronizedBuildFileExceptionSet */ = {
			isa = PBXFileSystemSynchronizedBuildFileExceptionSet;
			membershipExceptions = (
				ErrorNotifier.swift,
				PacketTunnelProvider.swift,
				PrivacyInfo.xcprivacy,
			);
			target = 6F5D0C19218352EF000F85AD /* WireGuardNetworkExtensioniOS */;
		};
		0A1D20BA3019062100A51D75 /* PBXFileSystemSynchronizedBuildFileExceptionSet */ = {
			isa = PBXFileSystemSynchronizedBuildFileExceptionSet;
			membershipExceptions = (
				ErrorNotifier.swift,
				PacketTunnelProvider.swift,
			);
			target = 6FB1BD9021D4BFE600A991BF /* WireGuardNetworkExtensionmacOS */;
		};
		0A1D238C3019071C00A51D75 /* PBXFileSystemSynchronizedBuildFileExceptionSet */ = {
			isa = PBXFileSystemSynchronizedBuildFileExceptionSet;
			membershipExceptions = (
				Config/Config.xcconfig,
				Config/Developer.xcconfig,
				Config/Developer.xcconfig.template,
				Config/Version.xcconfig,
				UI/iOS/Info.plist,
				UI/macOS/AppDelegate.swift,
				UI/macOS/Application.swift,
				UI/macOS/Assets.xcassets,
				UI/macOS/ErrorPresenter.swift,
				UI/macOS/ImportPanelPresenter.swift,
				UI/macOS/Info.plist,
				UI/macOS/LaunchedAtLoginDetector.swift,
				UI/macOS/LoginItemHelper/Info.plist,
				UI/macOS/LoginItemHelper/main.m,
				UI/macOS/MacAppStoreUpdateDetector.swift,
				UI/macOS/MainMenu.swift,
				"UI/macOS/NSColor+Hex.swift",
				"UI/macOS/NSTableView+Reuse.swift",
				"UI/macOS/ParseError+WireGuardAppError.swift",
				UI/macOS/StatusItemController.swift,
				UI/macOS/StatusMenu.swift,
				UI/macOS/TunnelsTracker.swift,
				UI/macOS/View/ButtonRow.swift,
				UI/macOS/View/ConfTextColorTheme.swift,
				UI/macOS/View/ConfTextStorage.swift,
				UI/macOS/View/ConfTextView.swift,
				UI/macOS/View/DeleteTunnelsConfirmationAlert.swift,
				UI/macOS/View/highlighter.c,
				UI/macOS/View/KeyValueRow.swift,
				UI/macOS/View/LogViewCell.swift,
				UI/macOS/View/OnDemandWiFiControls.swift,
				UI/macOS/View/TunnelListRow.swift,
				UI/macOS/ViewController/ButtonedDetailViewController.swift,
				UI/macOS/ViewController/LogViewController.swift,
				UI/macOS/ViewController/ManageTunnelsRootViewController.swift,
				UI/macOS/ViewController/TunnelDetailTableViewController.swift,
				UI/macOS/ViewController/TunnelEditViewController.swift,
				UI/macOS/ViewController/TunnelsListTableViewController.swift,
				UI/macOS/ViewController/UnusableTunnelDetailViewController.swift,
			);
			target = 6FF4AC13211EC46F002C96EB /* WireGuardiOS */;
		};
		0A1D238D3019071C00A51D75 /* PBXFileSystemSynchronizedBuildFileExceptionSet */ = {
			isa = PBXFileSystemSynchronizedBuildFileExceptionSet;
			membershipExceptions = (
				Localizable.xcstrings,
				LocalizationHelper.swift,
				Tunnel/ActivateOnDemandOption.swift,
				Tunnel/MockTunnels.swift,
				"Tunnel/TunnelConfiguration+UapiConfig.swift",
				Tunnel/TunnelErrors.swift,
				Tunnel/TunnelsManager.swift,
				Tunnel/TunnelStatus.swift,
				UI/ActivateOnDemandViewModel.swift,
				UI/ErrorPresenterProtocol.swift,
				UI/LogViewHelper.swift,
				UI/macOS/AppDelegate.swift,
				UI/macOS/Application.swift,
				UI/macOS/Assets.xcassets,
				UI/macOS/ErrorPresenter.swift,
				UI/macOS/ImportPanelPresenter.swift,
				UI/macOS/LaunchedAtLoginDetector.swift,
				UI/macOS/MacAppStoreUpdateDetector.swift,
				UI/macOS/MainMenu.swift,
				"UI/macOS/NSColor+Hex.swift",
				"UI/macOS/NSTableView+Reuse.swift",
				"UI/macOS/ParseError+WireGuardAppError.swift",
				UI/macOS/StatusItemController.swift,
				UI/macOS/StatusMenu.swift,
				UI/macOS/TunnelsTracker.swift,
				UI/macOS/View/ButtonRow.swift,
				UI/macOS/View/ConfTextColorTheme.swift,
				UI/macOS/View/ConfTextStorage.swift,
				UI/macOS/View/ConfTextView.swift,
				UI/macOS/View/DeleteTunnelsConfirmationAlert.swift,
				UI/macOS/View/highlighter.c,
				UI/macOS/View/KeyValueRow.swift,
				UI/macOS/View/LogViewCell.swift,
				UI/macOS/View/OnDemandWiFiControls.swift,
				UI/macOS/View/TunnelListRow.swift,
				UI/macOS/ViewController/ButtonedDetailViewController.swift,
				UI/macOS/ViewController/LogViewController.swift,
				UI/macOS/ViewController/ManageTunnelsRootViewController.swift,
				UI/macOS/ViewController/TunnelDetailTableViewController.swift,
				UI/macOS/ViewController/TunnelEditViewController.swift,
				UI/macOS/ViewController/TunnelsListTableViewController.swift,
				UI/macOS/ViewController/UnusableTunnelDetailViewController.swift,
				UI/PrivateDataConfirmation.swift,
				UI/TunnelImporter.swift,
				UI/TunnelViewModel.swift,
				WireGuardAppError.swift,
				WireGuardResult.swift,
				ZipArchive/3rdparty/minizip/ioapi.c,
				ZipArchive/3rdparty/minizip/MiniZip64_info.txt,
				ZipArchive/3rdparty/minizip/unzip.c,
				ZipArchive/3rdparty/minizip/zip.c,
				ZipArchive/ZipArchive.swift,
				ZipArchive/ZipExporter.swift,
				ZipArchive/ZipImporter.swift,
			);
			target = 6FB1BD5C21D2607A00A991BF /* WireGuardmacOS */;
		};
		0A1D238E3019071C00A51D75 /* PBXFileSystemSynchronizedBuildFileExceptionSet */ = {
			isa = PBXFileSystemSynchronizedBuildFileExceptionSet;
			membershipExceptions = (
				UI/macOS/LoginItemHelper/main.m,
			);
			target = 6F70E22822106A2D008BDFB4 /* WireGuardmacOSLoginItemHelper */;
		};
/* End PBXFileSystemSynchronizedBuildFileExceptionSet section */

/* Begin PBXFileSystemSynchronizedGroupBuildPhaseMembershipExceptionSet section */
		0A1D2052301905B400A51D75 /* PBXFileSystemSynchronizedGroupBuildPhaseMembershipExceptionSet */ = {
			isa = PBXFileSystemSynchronizedGroupBuildPhaseMembershipExceptionSet;
			buildPhase = 6FB1BD5921D2607A00A991BF /* Sources */;
			membershipExceptions = (
				Logging/ringlogger.h,
			);
		};
/* End PBXFileSystemSynchronizedGroupBuildPhaseMembershipExceptionSet section */

/* Begin PBXFileSystemSynchronizedRootGroup section */
		0A1D2029301905B300A51D75 /* Shared */ = {isa = PBXFileSystemSynchronizedRootGroup; exceptions = (0A1D204F301905B400A51D75 /* PBXFileSystemSynchronizedBuildFileExceptionSet */, 0A1D2050301905B400A51D75 /* PBXFileSystemSynchronizedBuildFileExceptionSet */, 0A1D2051301905B400A51D75 /* PBXFileSystemSynchronizedBuildFileExceptionSet */, 0A1D2052301905B400A51D75 /* PBXFileSystemSynchronizedGroupBuildPhaseMembershipExceptionSet */, 0A1D2053301905B400A51D75 /* PBXFileSystemSynchronizedBuildFileExceptionSet */, ); explicitFileTypes = {}; explicitFolders = (); name = Shared; path = Sources/Shared; sourceTree = "<group>"; };
		0A1D205B3019061300A51D75 /* WireGuardKitC */ = {isa = PBXFileSystemSynchronizedRootGroup; exceptions = (0A1D20A83019061400A51D75 /* PBXFileSystemSynchronizedBuildFileExceptionSet */, 0A1D20A93019061400A51D75 /* PBXFileSystemSynchronizedBuildFileExceptionSet */, 0A1D20AA3019061400A51D75 /* PBXFileSystemSynchronizedBuildFileExceptionSet */, 0A1D20AB3019061400A51D75 /* PBXFileSystemSynchronizedBuildFileExceptionSet */, ); explicitFileTypes = {}; explicitFolders = (); name = WireGuardKitC; path = Sources/WireGuardKitC; sourceTree = "<group>"; };
		0A1D20713019061300A51D75 /* WireGuardKit */ = {isa = PBXFileSystemSynchronizedRootGroup; exceptions = (0A1D20A63019061400A51D75 /* PBXFileSystemSynchronizedBuildFileExceptionSet */, 0A1D20A73019061400A51D75 /* PBXFileSystemSynchronizedBuildFileExceptionSet */, ); explicitFileTypes = {}; explicitFolders = (); name = WireGuardKit; path = Sources/WireGuardKit; sourceTree = "<group>"; };
		0A1D20B33019062000A51D75 /* WireGuardNetworkExtension */ = {isa = PBXFileSystemSynchronizedRootGroup; exceptions = (0A1D20B93019062100A51D75 /* PBXFileSystemSynchronizedBuildFileExceptionSet */, 0A1D20BA3019062100A51D75 /* PBXFileSystemSynchronizedBuildFileExceptionSet */, ); explicitFileTypes = {}; explicitFolders = (); name = WireGuardNetworkExtension; path = Sources/WireGuardNetworkExtension; sourceTree = "<group>"; };
		0A1D22F53019071B00A51D75 /* WireGuardApp */ = {isa = PBXFileSystemSynchronizedRootGroup; exceptions = (0A1D238C3019071C00A51D75 /* PBXFileSystemSynchronizedBuildFileExceptionSet */, 0A1D238D3019071C00A51D75 /* PBXFileSystemSynchronizedBuildFileExceptionSet */, 0A1D238E3019071C00A51D75 /* PBXFileSystemSynchronizedBuildFileExceptionSet */, ); explicitFileTypes = {}; explicitFolders = (); name = WireGuardApp; path = Sources/WireGuardApp; sourceTree = "<group>"; };
/* End PBXFileSystemSynchronizedRootGroup section */

/* Begin PBXFrameworksBuildPhase section */
		6F5D0C17218352EF000F85AD /* Frameworks */ = {
			isa = PBXFrameworksBuildPhase;
			buildActionMask = 2147483647;
			files = (
				6B5CA6B1220DE4E900F126CF /* NetworkExtension.framework in Frameworks */,
				58BA78D52577F9C6006FAEA0 /* libwg-go.a in Frameworks */,
				5CBE70062E4CF18B0050638D /* libresolv.tbd in Frameworks */,
			);
			runOnlyForDeploymentPostprocessing = 0;
		};
		6FB1BD5A21D2607A00A991BF /* Frameworks */ = {
			isa = PBXFrameworksBuildPhase;
			buildActionMask = 2147483647;
			files = (
				6FB1BDDA21D5170800A991BF /* NetworkExtension.framework in Frameworks */,
			);
			runOnlyForDeploymentPostprocessing = 0;
		};
		6FB1BD8E21D4BFE600A991BF /* Frameworks */ = {
			isa = PBXFrameworksBuildPhase;
			buildActionMask = 2147483647;
			files = (
				6B5CA6B2220DE4F400F126CF /* NetworkExtension.framework in Frameworks */,
				58DB6CD62577F95D00FB6B73 /* libwg-go.a in Frameworks */,
				5CBE70072E4CF18B0050638D /* libresolv.tbd in Frameworks */,
			);
			runOnlyForDeploymentPostprocessing = 0;
		};
		6FF4AC11211EC46F002C96EB /* Frameworks */ = {
			isa = PBXFrameworksBuildPhase;
			buildActionMask = 2147483647;
			files = (
				6B653B86220DE2960050E69C /* NetworkExtension.framework in Frameworks */,
			);
			runOnlyForDeploymentPostprocessing = 0;
		};
/* End PBXFrameworksBuildPhase section */

/* Begin PBXGroup section */
		6FF4AC0B211EC46F002C96EB = {
			isa = PBXGroup;
			children = (
				0A1D2029301905B300A51D75 /* Shared */,
				0A1D22F53019071B00A51D75 /* WireGuardApp */,
				0A1D20B33019062000A51D75 /* WireGuardNetworkExtension */,
				0A1D20713019061300A51D75 /* WireGuardKit */,
				0A1D205B3019061300A51D75 /* WireGuardKitC */,
				6FF4AC15211EC46F002C96EB /* Products */,
				6FF4AC452120B9E0002C96EB /* Frameworks */,
			);
			sourceTree = "<group>";
		};
		6FF4AC15211EC46F002C96EB /* Products */ = {
			isa = PBXGroup;
			children = (
				6FF4AC14211EC46F002C96EB /* AmneziaWG.app */,
				6F5D0C1A218352EF000F85AD /* WireGuardNetworkExtension.appex */,
				6FB1BD5D21D2607A00A991BF /* AmneziaWG.app */,
				6FB1BD9121D4BFE600A991BF /* WireGuardNetworkExtension.appex */,
				6F70E22922106A2D008BDFB4 /* WireGuardLoginItemHelper.app */,
			);
			name = Products;
			sourceTree = "<group>";
		};
		6FF4AC452120B9E0002C96EB /* Frameworks */ = {
			isa = PBXGroup;
			children = (
				5CBE70042E4CF16F0050638D /* libresolv.tbd */,
				58DB6CD52577F95D00FB6B73 /* libwg-go.a */,
				6FB1BDB621D4F8B800A991BF /* NetworkExtension.framework */,
				6FF4AC462120B9E0002C96EB /* NetworkExtension.framework */,
			);
			name = Frameworks;
			sourceTree = "<group>";
		};
/* End PBXGroup section */

/* Begin PBXLegacyTarget section */
		6FDAA03421CE69D000FA6925 /* WireGuardGoBridgemacOS */ = {
			isa = PBXLegacyTarget;
			buildArgumentsString = "$(ACTION)";
			buildConfigurationList = 6FDAA03521CE69D000FA6925 /* Build configuration list for PBXLegacyTarget "WireGuardGoBridgemacOS" */;
			buildPhases = (
			);
			buildToolPath = /usr/bin/make;
			buildWorkingDirectory = "$(PROJECT_DIR)/Sources/WireGuardKitGo";
			dependencies = (
			);
			name = WireGuardGoBridgemacOS;
			passBuildSettingsInEnvironment = 1;
			productName = WireGuardGoBridge;
		};
		6FDEF7DD21846BC100D8FBF6 /* WireGuardGoBridgeiOS */ = {
			isa = PBXLegacyTarget;
			buildArgumentsString = "$(ACTION)";
			buildConfigurationList = 6FDEF7E021846BC700D8FBF6 /* Build configuration list for PBXLegacyTarget "WireGuardGoBridgeiOS" */;
			buildPhases = (
			);
			buildToolPath = /usr/bin/make;
			buildWorkingDirectory = "$(PROJECT_DIR)/Sources/WireGuardKitGo";
			dependencies = (
			);
			name = WireGuardGoBridgeiOS;
			passBuildSettingsInEnvironment = 1;
			productName = WireGuardGoBridge;
		};
/* End PBXLegacyTarget section */

/* Begin PBXNativeTarget section */
		6F5D0C19218352EF000F85AD /* WireGuardNetworkExtensioniOS */ = {
			isa = PBXNativeTarget;
			buildConfigurationList = 6F5D0C25218352EF000F85AD /* Build configuration list for PBXNativeTarget "WireGuardNetworkExtensioniOS" */;
			buildPhases = (
				5F45417B21C0906F00994C13 /* Swiftlint */,
				6F5D0C16218352EF000F85AD /* Sources */,
				6F5D0C17218352EF000F85AD /* Frameworks */,
				6F5D0C18218352EF000F85AD /* Resources */,
			);
			buildRules = (
			);
			dependencies = (
				6FDEF7E221846C0000D8FBF6 /* PBXTargetDependency */,
			);
			fileSystemSynchronizedGroups = (
				0A1D2029301905B300A51D75 /* Shared */,
				0A1D20713019061300A51D75 /* WireGuardKit */,
			);
			name = WireGuardNetworkExtensioniOS;
			packageProductDependencies = (
			);
			productName = WireGuardNetworkExtension;
			productReference = 6F5D0C1A218352EF000F85AD /* WireGuardNetworkExtension.appex */;
			productType = "com.apple.product-type.app-extension";
		};
		6F70E22822106A2D008BDFB4 /* WireGuardmacOSLoginItemHelper */ = {
			isa = PBXNativeTarget;
			buildConfigurationList = 6F70E23622106A31008BDFB4 /* Build configuration list for PBXNativeTarget "WireGuardmacOSLoginItemHelper" */;
			buildPhases = (
				6F70E22522106A2D008BDFB4 /* Sources */,
			);
			buildRules = (
			);
			dependencies = (
			);
			name = WireGuardmacOSLoginItemHelper;
			productName = WireGuardmacOSLoginItemHelper;
			productReference = 6F70E22922106A2D008BDFB4 /* WireGuardLoginItemHelper.app */;
			productType = "com.apple.product-type.application";
		};
		6FB1BD5C21D2607A00A991BF /* WireGuardmacOS */ = {
			isa = PBXNativeTarget;
			buildConfigurationList = 6FB1BD6A21D2607E00A991BF /* Build configuration list for PBXNativeTarget "WireGuardmacOS" */;
			buildPhases = (
				6FB1BDB821D4FA9100A991BF /* Strip Trailing Whitespace */,
				6FB1BDB921D4FAD000A991BF /* Swiftlint */,
				58BA78E12577FB03006FAEA0 /* Extract wireguard-go Version */,
				6FB1BD5921D2607A00A991BF /* Sources */,
				6FB1BD5A21D2607A00A991BF /* Frameworks */,
				6FB1BD5B21D2607A00A991BF /* Resources */,
				6FB1BD9D21D4BFE700A991BF /* Embed App Extensions */,
				6F70E23C22109DE5008BDFB4 /* Embed Login Item Helper */,
			);
			buildRules = (
			);
			dependencies = (
				6F70E23B22109DD3008BDFB4 /* PBXTargetDependency */,
				6FB1BD9821D4BFE700A991BF /* PBXTargetDependency */,
			);
			fileSystemSynchronizedGroups = (
				0A1D2029301905B300A51D75 /* Shared */,
				0A1D20713019061300A51D75 /* WireGuardKit */,
			);
			name = WireGuardmacOS;
			packageProductDependencies = (
			);
			productName = WireGuardmacOS;
			productReference = 6FB1BD5D21D2607A00A991BF /* AmneziaWG.app */;
			productType = "com.apple.product-type.application";
		};
		6FB1BD9021D4BFE600A991BF /* WireGuardNetworkExtensionmacOS */ = {
			isa = PBXNativeTarget;
			buildConfigurationList = 6FB1BD9C21D4BFE700A991BF /* Build configuration list for PBXNativeTarget "WireGuardNetworkExtensionmacOS" */;
			buildPhases = (
				6FB1BDB421D4F5CF00A991BF /* Swiftlint */,
				6FB1BD8D21D4BFE600A991BF /* Sources */,
				6FB1BD8E21D4BFE600A991BF /* Frameworks */,
				6FB1BD8F21D4BFE600A991BF /* Resources */,
			);
			buildRules = (
			);
			dependencies = (
				6FB1BD9F21D4DF7A00A991BF /* PBXTargetDependency */,
			);
			fileSystemSynchronizedGroups = (
				0A1D2029301905B300A51D75 /* Shared */,
				0A1D20713019061300A51D75 /* WireGuardKit */,
			);
			name = WireGuardNetworkExtensionmacOS;
			packageProductDependencies = (
			);
			productName = WireGuardNetworkExtension;
			productReference = 6FB1BD9121D4BFE600A991BF /* WireGuardNetworkExtension.appex */;
			productType = "com.apple.product-type.app-extension";
		};
		6FF4AC13211EC46F002C96EB /* WireGuardiOS */ = {
			isa = PBXNativeTarget;
			buildConfigurationList = 6FF4AC26211EC472002C96EB /* Build configuration list for PBXNativeTarget "WireGuardiOS" */;
			buildPhases = (
				5F784E5721CDF6DD00B8D9A0 /* Strip Trailing Whitespace */,
				5F45417A21C0902400994C13 /* Swiftlint */,
				58BA78E02577FABD006FAEA0 /* Extract wireguard-go Version */,
				6FF4AC10211EC46F002C96EB /* Sources */,
				6FF4AC11211EC46F002C96EB /* Frameworks */,
				6FF4AC12211EC46F002C96EB /* Resources */,
				6F5D0C26218352EF000F85AD /* Embed App Extensions */,
			);
			buildRules = (
			);
			dependencies = (
				6F5D0C21218352EF000F85AD /* PBXTargetDependency */,
			);
			fileSystemSynchronizedGroups = (
				0A1D2029301905B300A51D75 /* Shared */,
				0A1D20713019061300A51D75 /* WireGuardKit */,
				0A1D22F53019071B00A51D75 /* WireGuardApp */,
			);
			name = WireGuardiOS;
			packageProductDependencies = (
			);
			productName = WireGuard;
			productReference = 6FF4AC14211EC46F002C96EB /* AmneziaWG.app */;
			productType = "com.apple.product-type.application";
		};
/* End PBXNativeTarget section */

/* Begin PBXProject section */
		6FF4AC0C211EC46F002C96EB /* Project object */ = {
			isa = PBXProject;
			attributes = {
				LastSwiftUpdateCheck = 1010;
				LastUpgradeCheck = 1010;
				ORGANIZATIONNAME = "WireGuard LLC";
				TargetAttributes = {
					6F5D0C19218352EF000F85AD = {
						CreatedOnToolsVersion = 10.0;
						LastSwiftMigration = 1020;
					};
					6F70E22822106A2D008BDFB4 = {
						CreatedOnToolsVersion = 10.1;
						SystemCapabilities = {
							com.apple.Sandbox = {
								enabled = 1;
							};
						};
					};
					6FB1BD5C21D2607A00A991BF = {
						CreatedOnToolsVersion = 10.1;
						LastSwiftMigration = 1020;
						SystemCapabilities = {
							com.apple.ApplicationGroups.Mac = {
								enabled = 1;
							};
							com.apple.NetworkExtensions = {
								enabled = 1;
							};
							com.apple.Sandbox = {
								enabled = 1;
							};
						};
					};
					6FB1BD9021D4BFE600A991BF = {
						CreatedOnToolsVersion = 10.1;
						LastSwiftMigration = 1020;
						SystemCapabilities = {
							com.apple.ApplicationGroups.Mac = {
								enabled = 1;
							};
						};
					};
					6FDEF7DD21846BC100D8FBF6 = {
						CreatedOnToolsVersion = 10.0;
					};
					6FF4AC13211EC46F002C96EB = {
						CreatedOnToolsVersion = 9.4.1;
						LastSwiftMigration = 1020;
						SystemCapabilities = {
							com.apple.AccessWiFi = {
								enabled = 1;
							};
							com.apple.ApplicationGroups.iOS = {
								enabled = 1;
							};
							com.apple.NetworkExtensions.iOS = {
								enabled = 1;
							};
						};
					};
				};
			};
			buildConfigurationList = 6FF4AC0F211EC46F002C96EB /* Build configuration list for PBXProject "WireGuard" */;
			developmentRegion = en;
			hasScannedForEncodings = 0;
			knownRegions = (
				Base,
				en,
				"zh-Hant",
				"zh-Hans",
				id,
				it,
				de,
				fr,
				fi,
				fa,
				sl,
				pl,
				pa,
				ko,
				ca,
				ru,
				ro,
				tr,
				ja,
				es,
			);
			mainGroup = 6FF4AC0B211EC46F002C96EB;
			packageReferences = (
			);
			preferredProjectObjectVersion = 51;
			productRefGroup = 6FF4AC15211EC46F002C96EB /* Products */;
			projectDirPath = "";
			projectRoot = "";
			targets = (
				6FF4AC13211EC46F002C96EB /* WireGuardiOS */,
				6F5D0C19218352EF000F85AD /* WireGuardNetworkExtensioniOS */,
				6FDEF7DD21846BC100D8FBF6 /* WireGuardGoBridgeiOS */,
				6FB1BD5C21D2607A00A991BF /* WireGuardmacOS */,
				6FB1BD9021D4BFE600A991BF /* WireGuardNetworkExtensionmacOS */,
				6FDAA03421CE69D000FA6925 /* WireGuardGoBridgemacOS */,
				6F70E22822106A2D008BDFB4 /* WireGuardmacOSLoginItemHelper */,
			);
		};
/* End PBXProject section */

/* Begin PBXResourcesBuildPhase section */
		6F5D0C18218352EF000F85AD /* Resources */ = {
			isa = PBXResourcesBuildPhase;
			buildActionMask = 2147483647;
			files = (
			);
			runOnlyForDeploymentPostprocessing = 0;
		};
		6FB1BD5B21D2607A00A991BF /* Resources */ = {
			isa = PBXResourcesBuildPhase;
			buildActionMask = 2147483647;
			files = (
			);
			runOnlyForDeploymentPostprocessing = 0;
		};
		6FB1BD8F21D4BFE600A991BF /* Resources */ = {
			isa = PBXResourcesBuildPhase;
			buildActionMask = 2147483647;
			files = (
			);
			runOnlyForDeploymentPostprocessing = 0;
		};
		6FF4AC12211EC46F002C96EB /* Resources */ = {
			isa = PBXResourcesBuildPhase;
			buildActionMask = 2147483647;
			files = (
			);
			runOnlyForDeploymentPostprocessing = 0;
		};
/* End PBXResourcesBuildPhase section */

/* Begin PBXShellScriptBuildPhase section */
		58BA78E02577FABD006FAEA0 /* Extract wireguard-go Version */ = {
			isa = PBXShellScriptBuildPhase;
			buildActionMask = 2147483647;
			files = (
			);
			inputFileListPaths = (
			);
			inputPaths = (
			);
			name = "Extract wireguard-go Version";
			outputFileListPaths = (
			);
			outputPaths = (
			);
			runOnlyForDeploymentPostprocessing = 0;
			shellPath = /bin/sh;
			shellScript = "exec make -C \"$PROJECT_DIR/Sources/WireGuardKitGo\" version-header\n";
		};
		58BA78E12577FB03006FAEA0 /* Extract wireguard-go Version */ = {
			isa = PBXShellScriptBuildPhase;
			buildActionMask = 2147483647;
			files = (
			);
			inputFileListPaths = (
			);
			inputPaths = (
			);
			name = "Extract wireguard-go Version";
			outputFileListPaths = (
			);
			outputPaths = (
			);
			runOnlyForDeploymentPostprocessing = 0;
			shellPath = /bin/sh;
			shellScript = "exec make -C \"$PROJECT_DIR/Sources/WireGuardKitGo\" version-header\n";
		};
		5F45417A21C0902400994C13 /* Swiftlint */ = {
			isa = PBXShellScriptBuildPhase;
			buildActionMask = 2147483647;
			files = (
			);
			inputFileListPaths = (
			);
			inputPaths = (
			);
			name = Swiftlint;
			outputFileListPaths = (
			);
			outputPaths = (
			);
			runOnlyForDeploymentPostprocessing = 0;
			shellPath = /bin/sh;
			shellScript = "export PATH=${PATH}:/usr/local/bin:/opt/homebrew/bin\nif which swiftlint >/dev/null; then\n    swiftlint\nelse\n    echo \"warning: SwiftLint not installed, download from https://github.com/realm/SwiftLint\"\nfi\n";
		};
		5F45417B21C0906F00994C13 /* Swiftlint */ = {
			isa = PBXShellScriptBuildPhase;
			buildActionMask = 2147483647;
			files = (
			);
			inputFileListPaths = (
			);
			inputPaths = (
			);
			name = Swiftlint;
			outputFileListPaths = (
			);
			outputPaths = (
			);
			runOnlyForDeploymentPostprocessing = 0;
			shellPath = /bin/sh;
			shellScript = "export PATH=${PATH}:/usr/local/bin:/opt/homebrew/bin\nif which swiftlint >/dev/null; then\n    swiftlint\nelse\n    echo \"warning: SwiftLint not installed, download from https://github.com/realm/SwiftLint\"\nfi\n";
		};
		5F784E5721CDF6DD00B8D9A0 /* Strip Trailing Whitespace */ = {
			isa = PBXShellScriptBuildPhase;
			buildActionMask = 2147483647;
			files = (
			);
			inputFileListPaths = (
			);
			inputPaths = (
			);
			name = "Strip Trailing Whitespace";
			outputFileListPaths = (
			);
			outputPaths = (
			);
			runOnlyForDeploymentPostprocessing = 0;
			shellPath = /bin/sh;
			shellScript = "find . -name '*.swift' -exec sed -i '' -E 's/[[:space:]]+$//g' {} +\n";
		};
		6FB1BDB421D4F5CF00A991BF /* Swiftlint */ = {
			isa = PBXShellScriptBuildPhase;
			buildActionMask = 2147483647;
			files = (
			);
			inputFileListPaths = (
			);
			inputPaths = (
			);
			name = Swiftlint;
			outputFileListPaths = (
			);
			outputPaths = (
			);
			runOnlyForDeploymentPostprocessing = 0;
			shellPath = /bin/sh;
			shellScript = "export PATH=${PATH}:/usr/local/bin:/opt/homebrew/bin\nif which swiftlint >/dev/null; then\nswiftlint\nelse\necho \"warning: SwiftLint not installed, download from https://github.com/realm/SwiftLint\"\nfi\n";
		};
		6FB1BDB821D4FA9100A991BF /* Strip Trailing Whitespace */ = {
			isa = PBXShellScriptBuildPhase;
			buildActionMask = 2147483647;
			files = (
			);
			inputFileListPaths = (
			);
			inputPaths = (
			);
			name = "Strip Trailing Whitespace";
			outputFileListPaths = (
			);
			outputPaths = (
			);
			runOnlyForDeploymentPostprocessing = 0;
			shellPath = /bin/sh;
			shellScript = "find . -name '*.swift' -exec sed -i '' -E 's/[[:space:]]+$//g' {} +\n";
		};
		6FB1BDB921D4FAD000A991BF /* Swiftlint */ = {
			isa = PBXShellScriptBuildPhase;
			buildActionMask = 2147483647;
			files = (
			);
			inputFileListPaths = (
			);
			inputPaths = (
			);
			name = Swiftlint;
			outputFileListPaths = (
			);
			outputPaths = (
			);
			runOnlyForDeploymentPostprocessing = 0;
			shellPath = /bin/sh;
			shellScript = "export PATH=${PATH}:/usr/local/bin:/opt/homebrew/bin\nif which swiftlint >/dev/null; then\nswiftlint\nelse\necho \"warning: SwiftLint not installed, download from https://github.com/realm/SwiftLint\"\nfi\n";
		};
/* End PBXShellScriptBuildPhase section */

/* Begin PBXSourcesBuildPhase section */
		6F5D0C16218352EF000F85AD /* Sources */ = {
			isa = PBXSourcesBuildPhase;
			buildActionMask = 2147483647;
			files = (
			);
			runOnlyForDeploymentPostprocessing = 0;
		};
		6F70E22522106A2D008BDFB4 /* Sources */ = {
			isa = PBXSourcesBuildPhase;
			buildActionMask = 2147483647;
			files = (
			);
			runOnlyForDeploymentPostprocessing = 0;
		};
		6FB1BD5921D2607A00A991BF /* Sources */ = {
			isa = PBXSourcesBuildPhase;
			buildActionMask = 2147483647;
			files = (
			);
			runOnlyForDeploymentPostprocessing = 0;
		};
		6FB1BD8D21D4BFE600A991BF /* Sources */ = {
			isa = PBXSourcesBuildPhase;
			buildActionMask = 2147483647;
			files = (
			);
			runOnlyForDeploymentPostprocessing = 0;
		};
		6FF4AC10211EC46F002C96EB /* Sources */ = {
			isa = PBXSourcesBuildPhase;
			buildActionMask = 2147483647;
			files = (
			);
			runOnlyForDeploymentPostprocessing = 0;
		};
/* End PBXSourcesBuildPhase section */

/* Begin PBXTargetDependency section */
		6F5D0C21218352EF000F85AD /* PBXTargetDependency */ = {
			isa = PBXTargetDependency;
			target = 6F5D0C19218352EF000F85AD /* WireGuardNetworkExtensioniOS */;
			targetProxy = 6F5D0C20218352EF000F85AD /* PBXContainerItemProxy */;
		};
		6F70E23B22109DD3008BDFB4 /* PBXTargetDependency */ = {
			isa = PBXTargetDependency;
			target = 6F70E22822106A2D008BDFB4 /* WireGuardmacOSLoginItemHelper */;
			targetProxy = 6F70E23A22109DD3008BDFB4 /* PBXContainerItemProxy */;
		};
		6FB1BD9821D4BFE700A991BF /* PBXTargetDependency */ = {
			isa = PBXTargetDependency;
			target = 6FB1BD9021D4BFE600A991BF /* WireGuardNetworkExtensionmacOS */;
			targetProxy = 6FB1BD9721D4BFE700A991BF /* PBXContainerItemProxy */;
		};
		6FB1BD9F21D4DF7A00A991BF /* PBXTargetDependency */ = {
			isa = PBXTargetDependency;
			target = 6FDAA03421CE69D000FA6925 /* WireGuardGoBridgemacOS */;
			targetProxy = 6FB1BD9E21D4DF7A00A991BF /* PBXContainerItemProxy */;
		};
		6FDEF7E221846C0000D8FBF6 /* PBXTargetDependency */ = {
			isa = PBXTargetDependency;
			target = 6FDEF7DD21846BC100D8FBF6 /* WireGuardGoBridgeiOS */;
			targetProxy = 6FDEF7E121846C0000D8FBF6 /* PBXContainerItemProxy */;
		};
/* End PBXTargetDependency section */

/* Begin XCBuildConfiguration section */
		6F5D0C23218352EF000F85AD /* Debug */ = {
			isa = XCBuildConfiguration;
			buildSettings = {
				ALWAYS_EMBED_SWIFT_STANDARD_LIBRARIES = NO;
				CLANG_ENABLE_MODULES = YES;
				CODE_SIGN_ENTITLEMENTS = Sources/WireGuardNetworkExtension/WireGuardNetworkExtension_iOS.entitlements;
				CODE_SIGN_IDENTITY = "iPhone Developer";
				ENABLE_BITCODE = NO;
				INFOPLIST_FILE = Sources/WireGuardNetworkExtension/Info.plist;
				LD_RUNPATH_SEARCH_PATHS = (
					"$(inherited)",
					"@executable_path/Frameworks",
					"@executable_path/../../Frameworks",
				);
				PRODUCT_BUNDLE_IDENTIFIER = "$(APP_ID_IOS).network-extension";
				PRODUCT_NAME = WireGuardNetworkExtension;
				SKIP_INSTALL = YES;
				SWIFT_OBJC_BRIDGING_HEADER = "Sources/WireGuardNetworkExtension/WireGuardNetworkExtension-Bridging-Header.h";
				SWIFT_VERSION = 5.0;
			};
			name = Debug;
		};
		6F5D0C24218352EF000F85AD /* Release */ = {
			isa = XCBuildConfiguration;
			buildSettings = {
				ALWAYS_EMBED_SWIFT_STANDARD_LIBRARIES = NO;
				CLANG_ENABLE_MODULES = YES;
				CODE_SIGN_ENTITLEMENTS = Sources/WireGuardNetworkExtension/WireGuardNetworkExtension_iOS.entitlements;
				CODE_SIGN_IDENTITY = "iPhone Developer";
				ENABLE_BITCODE = NO;
				INFOPLIST_FILE = Sources/WireGuardNetworkExtension/Info.plist;
				LD_RUNPATH_SEARCH_PATHS = (
					"$(inherited)",
					"@executable_path/Frameworks",
					"@executable_path/../../Frameworks",
				);
				PRODUCT_BUNDLE_IDENTIFIER = "$(APP_ID_IOS).network-extension";
				PRODUCT_NAME = WireGuardNetworkExtension;
				SKIP_INSTALL = YES;
				SWIFT_OBJC_BRIDGING_HEADER = "Sources/WireGuardNetworkExtension/WireGuardNetworkExtension-Bridging-Header.h";
				SWIFT_VERSION = 5.0;
			};
			name = Release;
		};
		6F70E23422106A31008BDFB4 /* Debug */ = {
			isa = XCBuildConfiguration;
			buildSettings = {
				CODE_SIGN_ENTITLEMENTS = Sources/WireGuardApp/UI/macOS/LoginItemHelper/LoginItemHelper.entitlements;
				CODE_SIGN_IDENTITY = "Mac Developer";
				INFOPLIST_FILE = Sources/WireGuardApp/UI/macOS/LoginItemHelper/Info.plist;
				PRODUCT_BUNDLE_IDENTIFIER = "$(APP_ID_MACOS).login-item-helper";
				PRODUCT_NAME = WireGuardLoginItemHelper;
				SDKROOT = macosx;
				SKIP_INSTALL = YES;
			};
			name = Debug;
		};
		6F70E23522106A31008BDFB4 /* Release */ = {
			isa = XCBuildConfiguration;
			buildSettings = {
				CODE_SIGN_ENTITLEMENTS = Sources/WireGuardApp/UI/macOS/LoginItemHelper/LoginItemHelper.entitlements;
				CODE_SIGN_IDENTITY = "Mac Developer";
				INFOPLIST_FILE = Sources/WireGuardApp/UI/macOS/LoginItemHelper/Info.plist;
				PRODUCT_BUNDLE_IDENTIFIER = "$(APP_ID_MACOS).login-item-helper";
				PRODUCT_NAME = WireGuardLoginItemHelper;
				SDKROOT = macosx;
				SKIP_INSTALL = YES;
			};
			name = Release;
		};
		6FB1BD6821D2607E00A991BF /* Debug */ = {
			isa = XCBuildConfiguration;
			buildSettings = {
				ASSETCATALOG_COMPILER_APPICON_NAME = AppIcon;
				CODE_SIGN_ENTITLEMENTS = Sources/WireGuardApp/UI/macOS/WireGuard.entitlements;
				CODE_SIGN_IDENTITY = "Mac Developer";
				COMBINE_HIDPI_IMAGES = YES;
				ENABLE_HARDENED_RUNTIME = YES;
				INFOPLIST_FILE = Sources/WireGuardApp/UI/macOS/Info.plist;
				INFOPLIST_KEY_CFBundleDisplayName = AmneziaWG;
				LD_RUNPATH_SEARCH_PATHS = (
					"$(inherited)",
					"@executable_path/../Frameworks",
				);
				MACOSX_DEPLOYMENT_TARGET = 12.0;
				PRODUCT_BUNDLE_IDENTIFIER = org.amnezia.awg;
				SDKROOT = macosx;
				SWIFT_EMIT_LOC_STRINGS = YES;
				SWIFT_VERSION = 5.0;
			};
			name = Debug;
		};
		6FB1BD6921D2607E00A991BF /* Release */ = {
			isa = XCBuildConfiguration;
			buildSettings = {
				ASSETCATALOG_COMPILER_APPICON_NAME = AppIcon;
				CODE_SIGN_ENTITLEMENTS = Sources/WireGuardApp/UI/macOS/WireGuard.entitlements;
				CODE_SIGN_IDENTITY = "Mac Developer";
				COMBINE_HIDPI_IMAGES = YES;
				ENABLE_HARDENED_RUNTIME = YES;
				INFOPLIST_FILE = Sources/WireGuardApp/UI/macOS/Info.plist;
				INFOPLIST_KEY_CFBundleDisplayName = AmneziaWG;
				LD_RUNPATH_SEARCH_PATHS = (
					"$(inherited)",
					"@executable_path/../Frameworks",
				);
				MACOSX_DEPLOYMENT_TARGET = 12.0;
				PRODUCT_BUNDLE_IDENTIFIER = org.amnezia.awg;
				SDKROOT = macosx;
				SWIFT_EMIT_LOC_STRINGS = YES;
				SWIFT_VERSION = 5.0;
			};
			name = Release;
		};
		6FB1BD9A21D4BFE700A991BF /* Debug */ = {
			isa = XCBuildConfiguration;
			buildSettings = {
				ALWAYS_EMBED_SWIFT_STANDARD_LIBRARIES = NO;
				CODE_SIGN_ENTITLEMENTS = Sources/WireGuardNetworkExtension/WireGuardNetworkExtension_macOS.entitlements;
				CODE_SIGN_IDENTITY = "Mac Developer";
				ENABLE_HARDENED_RUNTIME = YES;
				INFOPLIST_FILE = Sources/WireGuardNetworkExtension/Info.plist;
				LD_RUNPATH_SEARCH_PATHS = (
					"$(inherited)",
					"@executable_path/../Frameworks",
					"@executable_path/../../../../Frameworks",
				);
				MACOSX_DEPLOYMENT_TARGET = 12.0;
				PRODUCT_BUNDLE_IDENTIFIER = "$(APP_ID_MACOS).network-extension";
				PRODUCT_NAME = WireGuardNetworkExtension;
				SDKROOT = macosx;
				SKIP_INSTALL = YES;
				SWIFT_OBJC_BRIDGING_HEADER = "Sources/WireGuardNetworkExtension/WireGuardNetworkExtension-Bridging-Header.h";
				SWIFT_VERSION = 5.0;
			};
			name = Debug;
		};
		6FB1BD9B21D4BFE700A991BF /* Release */ = {
			isa = XCBuildConfiguration;
			buildSettings = {
				ALWAYS_EMBED_SWIFT_STANDARD_LIBRARIES = NO;
				CODE_SIGN_ENTITLEMENTS = Sources/WireGuardNetworkExtension/WireGuardNetworkExtension_macOS.entitlements;
				CODE_SIGN_IDENTITY = "Mac Developer";
				ENABLE_HARDENED_RUNTIME = YES;
				INFOPLIST_FILE = Sources/WireGuardNetworkExtension/Info.plist;
				LD_RUNPATH_SEARCH_PATHS = (
					"$(inherited)",
					"@executable_path/../Frameworks",
					"@executable_path/../../../../Frameworks",
				);
				MACOSX_DEPLOYMENT_TARGET = 12.0;
				PRODUCT_BUNDLE_IDENTIFIER = "$(APP_ID_MACOS).network-extension";
				PRODUCT_NAME = WireGuardNetworkExtension;
				SDKROOT = macosx;
				SKIP_INSTALL = YES;
				SWIFT_OBJC_BRIDGING_HEADER = "Sources/WireGuardNetworkExtension/WireGuardNetworkExtension-Bridging-Header.h";
				SWIFT_VERSION = 5.0;
			};
			name = Release;
		};
		6FDAA03621CE69D000FA6925 /* Debug */ = {
			isa = XCBuildConfiguration;
			buildSettings = {
				CODE_SIGN_STYLE = Automatic;
				PRODUCT_NAME = "$(TARGET_NAME)";
				SDKROOT = macosx;
			};
			name = Debug;
		};
		6FDAA03721CE69D000FA6925 /* Release */ = {
			isa = XCBuildConfiguration;
			buildSettings = {
				CODE_SIGN_STYLE = Automatic;
				PRODUCT_NAME = "$(TARGET_NAME)";
				SDKROOT = macosx;
			};
			name = Release;
		};
		6FDEF7DE21846BC100D8FBF6 /* Debug */ = {
			isa = XCBuildConfiguration;
			buildSettings = {
				CODE_SIGN_STYLE = Automatic;
				PRODUCT_NAME = "$(TARGET_NAME)";
			};
			name = Debug;
		};
		6FDEF7DF21846BC100D8FBF6 /* Release */ = {
			isa = XCBuildConfiguration;
			buildSettings = {
				CODE_SIGN_STYLE = Automatic;
				PRODUCT_NAME = "$(TARGET_NAME)";
			};
			name = Release;
		};
		6FF4AC24211EC472002C96EB /* Debug */ = {
			isa = XCBuildConfiguration;
			baseConfigurationReferenceAnchor = 0A1D22F53019071B00A51D75 /* WireGuardApp */;
			baseConfigurationReferenceRelativePath = Config/Config.xcconfig;
			buildSettings = {
				ALWAYS_EMBED_SWIFT_STANDARD_LIBRARIES = YES;
				ALWAYS_SEARCH_USER_PATHS = NO;
				CLANG_ANALYZER_NONNULL = YES;
				CLANG_ANALYZER_NUMBER_OBJECT_CONVERSION = YES_AGGRESSIVE;
				CLANG_CXX_LANGUAGE_STANDARD = "gnu++14";
				CLANG_CXX_LIBRARY = "libc++";
				CLANG_ENABLE_MODULES = YES;
				CLANG_ENABLE_OBJC_ARC = YES;
				CLANG_ENABLE_OBJC_WEAK = YES;
				CLANG_WARN_BLOCK_CAPTURE_AUTORELEASING = YES;
				CLANG_WARN_BOOL_CONVERSION = YES;
				CLANG_WARN_COMMA = YES;
				CLANG_WARN_CONSTANT_CONVERSION = YES;
				CLANG_WARN_DEPRECATED_OBJC_IMPLEMENTATIONS = YES;
				CLANG_WARN_DIRECT_OBJC_ISA_USAGE = YES_ERROR;
				CLANG_WARN_DOCUMENTATION_COMMENTS = YES;
				CLANG_WARN_EMPTY_BODY = YES;
				CLANG_WARN_ENUM_CONVERSION = YES;
				CLANG_WARN_INFINITE_RECURSION = YES;
				CLANG_WARN_INT_CONVERSION = YES;
				CLANG_WARN_NON_LITERAL_NULL_CONVERSION = YES;
				CLANG_WARN_OBJC_IMPLICIT_RETAIN_SELF = YES;
				CLANG_WARN_OBJC_LITERAL_CONVERSION = YES;
				CLANG_WARN_OBJC_ROOT_CLASS = YES_ERROR;
				CLANG_WARN_RANGE_LOOP_ANALYSIS = YES;
				CLANG_WARN_STRICT_PROTOTYPES = YES;
				CLANG_WARN_SUSPICIOUS_MOVE = YES;
				CLANG_WARN_UNGUARDED_AVAILABILITY = YES_AGGRESSIVE;
				CLANG_WARN_UNREACHABLE_CODE = YES_AGGRESSIVE;
				CLANG_WARN__DUPLICATE_METHOD_MATCH = YES;
				COPY_PHASE_STRIP = NO;
				DEBUG_INFORMATION_FORMAT = dwarf;
				ENABLE_STRICT_OBJC_MSGSEND = YES;
				ENABLE_TESTABILITY = YES;
				GCC_C_LANGUAGE_STANDARD = gnu11;
				GCC_NO_COMMON_BLOCKS = YES;
				GCC_OPTIMIZATION_LEVEL = 2;
				GCC_PREPROCESSOR_DEFINITIONS = (
					"DEBUG=1",
					"$(inherited)",
				);
				GCC_WARN_64_TO_32_BIT_CONVERSION = YES;
				GCC_WARN_ABOUT_RETURN_TYPE = YES_ERROR;
				GCC_WARN_UNDECLARED_SELECTOR = YES;
				GCC_WARN_UNINITIALIZED_AUTOS = YES_AGGRESSIVE;
				GCC_WARN_UNUSED_FUNCTION = YES;
				GCC_WARN_UNUSED_LABEL = YES;
				GCC_WARN_UNUSED_VARIABLE = YES;
				IPHONEOS_DEPLOYMENT_TARGET = 15.0;
				LOCALIZATION_PREFERS_STRING_CATALOGS = YES;
				MACOSX_DEPLOYMENT_TARGET = 12.0;
				MTL_ENABLE_DEBUG_INFO = YES;
				MTL_FAST_MATH = YES;
				ONLY_ACTIVE_ARCH = YES;
				PATH = "${PATH}:/opt/homebrew/opt/go/bin";
				PRODUCT_NAME = AmneziaWG;
				SDKROOT = iphoneos;
				SWIFT_ACTIVE_COMPILATION_CONDITIONS = DEBUG;
				SWIFT_OBJC_BRIDGING_HEADER = "Sources/WireGuardApp/WireGuard-Bridging-Header.h";
				SWIFT_OPTIMIZATION_LEVEL = "-Onone";
				SWIFT_PRECOMPILE_BRIDGING_HEADER = NO;
				SWIFT_VERSION = 5.0;
				TARGETED_DEVICE_FAMILY = "1,2";
				WIREGUARD_GO_VERSION = 0.2.1;
			};
			name = Debug;
		};
		6FF4AC25211EC472002C96EB /* Release */ = {
			isa = XCBuildConfiguration;
			baseConfigurationReferenceAnchor = 0A1D22F53019071B00A51D75 /* WireGuardApp */;
			baseConfigurationReferenceRelativePath = Config/Config.xcconfig;
			buildSettings = {
				ALWAYS_EMBED_SWIFT_STANDARD_LIBRARIES = YES;
				ALWAYS_SEARCH_USER_PATHS = NO;
				CLANG_ANALYZER_NONNULL = YES;
				CLANG_ANALYZER_NUMBER_OBJECT_CONVERSION = YES_AGGRESSIVE;
				CLANG_CXX_LANGUAGE_STANDARD = "gnu++14";
				CLANG_CXX_LIBRARY = "libc++";
				CLANG_ENABLE_MODULES = YES;
				CLANG_ENABLE_OBJC_ARC = YES;
				CLANG_ENABLE_OBJC_WEAK = YES;
				CLANG_WARN_BLOCK_CAPTURE_AUTORELEASING = YES;
				CLANG_WARN_BOOL_CONVERSION = YES;
				CLANG_WARN_COMMA = YES;
				CLANG_WARN_CONSTANT_CONVERSION = YES;
				CLANG_WARN_DEPRECATED_OBJC_IMPLEMENTATIONS = YES;
				CLANG_WARN_DIRECT_OBJC_ISA_USAGE = YES_ERROR;
				CLANG_WARN_DOCUMENTATION_COMMENTS = YES;
				CLANG_WARN_EMPTY_BODY = YES;
				CLANG_WARN_ENUM_CONVERSION = YES;
				CLANG_WARN_INFINITE_RECURSION = YES;
				CLANG_WARN_INT_CONVERSION = YES;
				CLANG_WARN_NON_LITERAL_NULL_CONVERSION = YES;
				CLANG_WARN_OBJC_IMPLICIT_RETAIN_SELF = YES;
				CLANG_WARN_OBJC_LITERAL_CONVERSION = YES;
				CLANG_WARN_OBJC_ROOT_CLASS = YES_ERROR;
				CLANG_WARN_RANGE_LOOP_ANALYSIS = YES;
				CLANG_WARN_STRICT_PROTOTYPES = YES;
				CLANG_WARN_SUSPICIOUS_MOVE = YES;
				CLANG_WARN_UNGUARDED_AVAILABILITY = YES_AGGRESSIVE;
				CLANG_WARN_UNREACHABLE_CODE = YES_AGGRESSIVE;
				CLANG_WARN__DUPLICATE_METHOD_MATCH = YES;
				COPY_PHASE_STRIP = NO;
				DEBUG_INFORMATION_FORMAT = "dwarf-with-dsym";
				ENABLE_NS_ASSERTIONS = NO;
				ENABLE_STRICT_OBJC_MSGSEND = YES;
				GCC_C_LANGUAGE_STANDARD = gnu11;
				GCC_NO_COMMON_BLOCKS = YES;
				GCC_OPTIMIZATION_LEVEL = fast;
				GCC_WARN_64_TO_32_BIT_CONVERSION = YES;
				GCC_WARN_ABOUT_RETURN_TYPE = YES_ERROR;
				GCC_WARN_UNDECLARED_SELECTOR = YES;
				GCC_WARN_UNINITIALIZED_AUTOS = YES_AGGRESSIVE;
				GCC_WARN_UNUSED_FUNCTION = YES;
				GCC_WARN_UNUSED_LABEL = YES;
				GCC_WARN_UNUSED_VARIABLE = YES;
				IPHONEOS_DEPLOYMENT_TARGET = 15.0;
				LOCALIZATION_PREFERS_STRING_CATALOGS = YES;
				MACOSX_DEPLOYMENT_TARGET = 12.0;
				MTL_ENABLE_DEBUG_INFO = NO;
				MTL_FAST_MATH = YES;
				PATH = "${PATH}:/opt/homebrew/opt/go/bin";
				PRODUCT_NAME = AmneziaWG;
				SDKROOT = iphoneos;
				SWIFT_COMPILATION_MODE = wholemodule;
				SWIFT_OBJC_BRIDGING_HEADER = "Sources/WireGuardApp/WireGuard-Bridging-Header.h";
				SWIFT_OPTIMIZATION_LEVEL = "-O";
				SWIFT_PRECOMPILE_BRIDGING_HEADER = NO;
				SWIFT_VERSION = 5.0;
				TARGETED_DEVICE_FAMILY = "1,2";
				VALIDATE_PRODUCT = YES;
				WIREGUARD_GO_VERSION = 0.2.1;
			};
			name = Release;
		};
		6FF4AC27211EC472002C96EB /* Debug */ = {
			isa = XCBuildConfiguration;
			buildSettings = {
				ASSETCATALOG_COMPILER_APPICON_NAME = AppIcon;
				CODE_SIGN_ENTITLEMENTS = Sources/WireGuardApp/UI/iOS/WireGuard.entitlements;
				CODE_SIGN_IDENTITY = "iPhone Developer";
				INFOPLIST_FILE = Sources/WireGuardApp/UI/iOS/Info.plist;
				LD_RUNPATH_SEARCH_PATHS = (
					"$(inherited)",
					"@executable_path/Frameworks",
				);
				PRODUCT_BUNDLE_IDENTIFIER = org.amnezia.awg;
				SWIFT_EMIT_LOC_STRINGS = YES;
				SWIFT_VERSION = 5.0;
			};
			name = Debug;
		};
		6FF4AC28211EC472002C96EB /* Release */ = {
			isa = XCBuildConfiguration;
			buildSettings = {
				ASSETCATALOG_COMPILER_APPICON_NAME = AppIcon;
				CODE_SIGN_ENTITLEMENTS = Sources/WireGuardApp/UI/iOS/WireGuard.entitlements;
				CODE_SIGN_IDENTITY = "iPhone Developer";
				INFOPLIST_FILE = Sources/WireGuardApp/UI/iOS/Info.plist;
				LD_RUNPATH_SEARCH_PATHS = (
					"$(inherited)",
					"@executable_path/Frameworks",
				);
				PRODUCT_BUNDLE_IDENTIFIER = org.amnezia.awg;
				SWIFT_EMIT_LOC_STRINGS = YES;
				SWIFT_VERSION = 5.0;
			};
			name = Release;
		};
/* End XCBuildConfiguration section */

/* Begin XCConfigurationList section */
		6F5D0C25218352EF000F85AD /* Build configuration list for PBXNativeTarget "WireGuardNetworkExtensioniOS" */ = {
			isa = XCConfigurationList;
			buildConfigurations = (
				6F5D0C23218352EF000F85AD /* Debug */,
				6F5D0C24218352EF000F85AD /* Release */,
			);
			defaultConfigurationIsVisible = 0;
			defaultConfigurationName = Release;
		};
		6F70E23622106A31008BDFB4 /* Build configuration list for PBXNativeTarget "WireGuardmacOSLoginItemHelper" */ = {
			isa = XCConfigurationList;
			buildConfigurations = (
				6F70E23422106A31008BDFB4 /* Debug */,
				6F70E23522106A31008BDFB4 /* Release */,
			);
			defaultConfigurationIsVisible = 0;
			defaultConfigurationName = Release;
		};
		6FB1BD6A21D2607E00A991BF /* Build configuration list for PBXNativeTarget "WireGuardmacOS" */ = {
			isa = XCConfigurationList;
			buildConfigurations = (
				6FB1BD6821D2607E00A991BF /* Debug */,
				6FB1BD6921D2607E00A991BF /* Release */,
			);
			defaultConfigurationIsVisible = 0;
			defaultConfigurationName = Release;
		};
		6FB1BD9C21D4BFE700A991BF /* Build configuration list for PBXNativeTarget "WireGuardNetworkExtensionmacOS" */ = {
			isa = XCConfigurationList;
			buildConfigurations = (
				6FB1BD9A21D4BFE700A991BF /* Debug */,
				6FB1BD9B21D4BFE700A991BF /* Release */,
			);
			defaultConfigurationIsVisible = 0;
			defaultConfigurationName = Release;
		};
		6FDAA03521CE69D000FA6925 /* Build configuration list for PBXLegacyTarget "WireGuardGoBridgemacOS" */ = {
			isa = XCConfigurationList;
			buildConfigurations = (
				6FDAA03621CE69D000FA6925 /* Debug */,
				6FDAA03721CE69D000FA6925 /* Release */,
			);
			defaultConfigurationIsVisible = 0;
			defaultConfigurationName = Release;
		};
		6FDEF7E021846BC700D8FBF6 /* Build configuration list for PBXLegacyTarget "WireGuardGoBridgeiOS" */ = {
			isa = XCConfigurationList;
			buildConfigurations = (
				6FDEF7DE21846BC100D8FBF6 /* Debug */,
				6FDEF7DF21846BC100D8FBF6 /* Release */,
			);
			defaultConfigurationIsVisible = 0;
			defaultConfigurationName = Release;
		};
		6FF4AC0F211EC46F002C96EB /* Build configuration list for PBXProject "WireGuard" */ = {
			isa = XCConfigurationList;
			buildConfigurations = (
				6FF4AC24211EC472002C96EB /* Debug */,
				6FF4AC25211EC472002C96EB /* Release */,
			);
			defaultConfigurationIsVisible = 0;
			defaultConfigurationName = Release;
		};
		6FF4AC26211EC472002C96EB /* Build configuration list for PBXNativeTarget "WireGuardiOS" */ = {
			isa = XCConfigurationList;
			buildConfigurations = (
				6FF4AC27211EC472002C96EB /* Debug */,
				6FF4AC28211EC472002C96EB /* Release */,
			);
			defaultConfigurationIsVisible = 0;
			defaultConfigurationName = Release;
		};
/* End XCConfigurationList section */
	};
	rootObject = 6FF4AC0C211EC46F002C96EB /* Project object */;
}
